// !$*UTF8*$!
{
	archiveVersion = 1;
	classes = {
	};
	objectVersion = 50;
	objects = {

/* Begin PBXBuildFile section */
		34A2F888224BE8F600ABB248 /* MapClasses.cpp in Sources */ = {isa = PBXBuildFile; fileRef = 34A2F886224BE8F600ABB248 /* MapClasses.cpp */; };
		34A2F88B224BE90400ABB248 /* PhysicalObjectClasses.cpp in Sources */ = {isa = PBXBuildFile; fileRef = 34A2F889224BE90400ABB248 /* PhysicalObjectClasses.cpp */; };
		34A2F88E224BE91F00ABB248 /* SetupClasses.cpp in Sources */ = {isa = PBXBuildFile; fileRef = 34A2F88C224BE91F00ABB248 /* SetupClasses.cpp */; };
		34A2F894224C49CC00ABB248 /* TypeChecks.cpp in Sources */ = {isa = PBXBuildFile; fileRef = 34A2F892224C49CC00ABB248 /* TypeChecks.cpp */; };
		34A2F89C224D110A00ABB248 /* SetupFunctions.cpp in Sources */ = {isa = PBXBuildFile; fileRef = 34A2F89A224D110A00ABB248 /* SetupFunctions.cpp */; };
		34A2F89F224D112700ABB248 /* Player.cpp in Sources */ = {isa = PBXBuildFile; fileRef = 34A2F89D224D112700ABB248 /* Player.cpp */; };
		34A2F8A2224EAEA500ABB248 /* parse.cpp in Sources */ = {isa = PBXBuildFile; fileRef = 34A2F8A1224EAEA500ABB248 /* parse.cpp */; };
		34A2F8A4224EB69D00ABB248 /* commandLoop.cpp in Sources */ = {isa = PBXBuildFile; fileRef = 34A2F8A3224EB69D00ABB248 /* commandLoop.cpp */; };
		34A2F8A6224EB6AB00ABB248 /* initCommands.cpp in Sources */ = {isa = PBXBuildFile; fileRef = 34A2F8A5224EB6AB00ABB248 /* initCommands.cpp */; };
		34F53A33224BCD6500437F64 /* main.cpp in Sources */ = {isa = PBXBuildFile; fileRef = 34F53A32224BCD6500437F64 /* main.cpp */; };
		34F53A3B224BCD8500437F64 /* BaseClass.cpp in Sources */ = {isa = PBXBuildFile; fileRef = 34F53A39224BCD8500437F64 /* BaseClass.cpp */; };
/* End PBXBuildFile section */

/* Begin PBXCopyFilesBuildPhase section */
		34F53A2D224BCD6400437F64 /* CopyFiles */ = {
			isa = PBXCopyFilesBuildPhase;
			buildActionMask = 2147483647;
			dstPath = /usr/share/man/man1/;
			dstSubfolderSpec = 0;
			files = (
			);
			runOnlyForDeploymentPostprocessing = 1;
		};
/* End PBXCopyFilesBuildPhase section */

/* Begin PBXFileReference section */
		34A2F886224BE8F600ABB248 /* MapClasses.cpp */ = {isa = PBXFileReference; lastKnownFileType = sourcecode.cpp.cpp; path = MapClasses.cpp; sourceTree = "<group>"; };
		34A2F887224BE8F600ABB248 /* MapClasses.hpp */ = {isa = PBXFileReference; lastKnownFileType = sourcecode.cpp.h; path = MapClasses.hpp; sourceTree = "<group>"; };
		34A2F889224BE90400ABB248 /* PhysicalObjectClasses.cpp */ = {isa = PBXFileReference; lastKnownFileType = sourcecode.cpp.cpp; path = PhysicalObjectClasses.cpp; sourceTree = "<group>"; };
		34A2F88A224BE90400ABB248 /* PhysicalObjectClasses.hpp */ = {isa = PBXFileReference; lastKnownFileType = sourcecode.cpp.h; path = PhysicalObjectClasses.hpp; sourceTree = "<group>"; };
		34A2F88C224BE91F00ABB248 /* SetupClasses.cpp */ = {isa = PBXFileReference; lastKnownFileType = sourcecode.cpp.cpp; path = SetupClasses.cpp; sourceTree = "<group>"; };
		34A2F88D224BE91F00ABB248 /* SetupClasses.hpp */ = {isa = PBXFileReference; lastKnownFileType = sourcecode.cpp.h; path = SetupClasses.hpp; sourceTree = "<group>"; };
		34A2F891224BEBBB00ABB248 /* Constants.h */ = {isa = PBXFileReference; lastKnownFileType = sourcecode.c.h; path = Constants.h; sourceTree = "<group>"; };
		34A2F892224C49CC00ABB248 /* TypeChecks.cpp */ = {isa = PBXFileReference; lastKnownFileType = sourcecode.cpp.cpp; path = TypeChecks.cpp; sourceTree = "<group>"; };
		34A2F893224C49CC00ABB248 /* TypeChecks.hpp */ = {isa = PBXFileReference; lastKnownFileType = sourcecode.cpp.h; path = TypeChecks.hpp; sourceTree = "<group>"; };
		34A2F89A224D110A00ABB248 /* SetupFunctions.cpp */ = {isa = PBXFileReference; lastKnownFileType = sourcecode.cpp.cpp; path = SetupFunctions.cpp; sourceTree = "<group>"; };
		34A2F89B224D110A00ABB248 /* Game.hpp */ = {isa = PBXFileReference; lastKnownFileType = sourcecode.cpp.h; path = Game.hpp; sourceTree = "<group>"; };
		34A2F89D224D112700ABB248 /* Player.cpp */ = {isa = PBXFileReference; lastKnownFileType = sourcecode.cpp.cpp; path = Player.cpp; sourceTree = "<group>"; };
		34A2F89E224D112700ABB248 /* Player.hpp */ = {isa = PBXFileReference; lastKnownFileType = sourcecode.cpp.h; path = Player.hpp; sourceTree = "<group>"; };
		34A2F8A1224EAEA500ABB248 /* parse.cpp */ = {isa = PBXFileReference; lastKnownFileType = sourcecode.cpp.cpp; path = parse.cpp; sourceTree = "<group>"; };
		34A2F8A3224EB69D00ABB248 /* commandLoop.cpp */ = {isa = PBXFileReference; lastKnownFileType = sourcecode.cpp.cpp; path = commandLoop.cpp; sourceTree = "<group>"; };
		34A2F8A5224EB6AB00ABB248 /* initCommands.cpp */ = {isa = PBXFileReference; lastKnownFileType = sourcecode.cpp.cpp; path = initCommands.cpp; sourceTree = "<group>"; };
		34F53A2F224BCD6400437F64 /* text-game-redux */ = {isa = PBXFileReference; explicitFileType = "compiled.mach-o.executable"; includeInIndex = 0; path = "text-game-redux"; sourceTree = BUILT_PRODUCTS_DIR; };
		34F53A32224BCD6500437F64 /* main.cpp */ = {isa = PBXFileReference; lastKnownFileType = sourcecode.cpp.cpp; path = main.cpp; sourceTree = "<group>"; };
		34F53A39224BCD8500437F64 /* BaseClass.cpp */ = {isa = PBXFileReference; lastKnownFileType = sourcecode.cpp.cpp; path = BaseClass.cpp; sourceTree = "<group>"; };
		34F53A3A224BCD8500437F64 /* BaseClass.hpp */ = {isa = PBXFileReference; lastKnownFileType = sourcecode.cpp.h; path = BaseClass.hpp; sourceTree = "<group>"; };
/* End PBXFileReference section */

/* Begin PBXFrameworksBuildPhase section */
		34F53A2C224BCD6400437F64 /* Frameworks */ = {
			isa = PBXFrameworksBuildPhase;
			buildActionMask = 2147483647;
			files = (
			);
			runOnlyForDeploymentPostprocessing = 0;
		};
/* End PBXFrameworksBuildPhase section */

/* Begin PBXGroup section */
		34A2F88F224BE94200ABB248 /* Classes */ = {
			isa = PBXGroup;
			children = (
				34F53A3A224BCD8500437F64 /* BaseClass.hpp */,
				34F53A39224BCD8500437F64 /* BaseClass.cpp */,
				34A2F887224BE8F600ABB248 /* MapClasses.hpp */,
				34A2F886224BE8F600ABB248 /* MapClasses.cpp */,
				34A2F88A224BE90400ABB248 /* PhysicalObjectClasses.hpp */,
				34A2F889224BE90400ABB248 /* PhysicalObjectClasses.cpp */,
				34A2F88D224BE91F00ABB248 /* SetupClasses.hpp */,
				34A2F88C224BE91F00ABB248 /* SetupClasses.cpp */,
			);
			path = Classes;
			sourceTree = "<group>";
		};
		34A2F890224BEB8E00ABB248 /* Main */ = {
			isa = PBXGroup;
			children = (
				34F53A32224BCD6500437F64 /* main.cpp */,
				34A2F89E224D112700ABB248 /* Player.hpp */,
				34A2F89D224D112700ABB248 /* Player.cpp */,
				34A2F891224BEBBB00ABB248 /* Constants.h */,
			);
			path = Main;
			sourceTree = "<group>";
		};
		34A2F899224D0FE300ABB248 /* Type Checks  */ = {
			isa = PBXGroup;
			children = (
				34A2F892224C49CC00ABB248 /* TypeChecks.cpp */,
				34A2F893224C49CC00ABB248 /* TypeChecks.hpp */,
			);
			path = "Type Checks ";
			sourceTree = "<group>";
		};
		34A2F8A0224EAE3700ABB248 /* Game */ = {
			isa = PBXGroup;
			children = (
				34A2F89B224D110A00ABB248 /* Game.hpp */,
				34A2F89A224D110A00ABB248 /* SetupFunctions.cpp */,
				34A2F8A1224EAEA500ABB248 /* parse.cpp */,
				34A2F8A5224EB6AB00ABB248 /* initCommands.cpp */,
				34A2F8A3224EB69D00ABB248 /* commandLoop.cpp */,
			);
			path = Game;
			sourceTree = "<group>";
		};
		34F53A26224BCD6400437F64 = {
			isa = PBXGroup;
			children = (
				34F53A31224BCD6500437F64 /* text-game-redux */,
				34F53A30224BCD6400437F64 /* Products */,
			);
			sourceTree = "<group>";
		};
		34F53A30224BCD6400437F64 /* Products */ = {
			isa = PBXGroup;
			children = (
				34F53A2F224BCD6400437F64 /* text-game-redux */,
			);
			name = Products;
			sourceTree = "<group>";
		};
		34F53A31224BCD6500437F64 /* text-game-redux */ = {
			isa = PBXGroup;
			children = (
				34A2F890224BEB8E00ABB248 /* Main */,
				34A2F8A0224EAE3700ABB248 /* Game */,
				34A2F88F224BE94200ABB248 /* Classes */,
				34A2F899224D0FE300ABB248 /* Type Checks  */,
			);
			path = "text-game-redux";
			sourceTree = "<group>";
		};
/* End PBXGroup section */

/* Begin PBXNativeTarget section */
		34F53A2E224BCD6400437F64 /* text-game-redux */ = {
			isa = PBXNativeTarget;
			buildConfigurationList = 34F53A36224BCD6500437F64 /* Build configuration list for PBXNativeTarget "text-game-redux" */;
			buildPhases = (
				34F53A2B224BCD6400437F64 /* Sources */,
				34F53A2C224BCD6400437F64 /* Frameworks */,
				34F53A2D224BCD6400437F64 /* CopyFiles */,
			);
			buildRules = (
			);
			dependencies = (
			);
			name = "text-game-redux";
			productName = "text-game-redux";
			productReference = 34F53A2F224BCD6400437F64 /* text-game-redux */;
			productType = "com.apple.product-type.tool";
		};
/* End PBXNativeTarget section */

/* Begin PBXProject section */
		34F53A27224BCD6400437F64 /* Project object */ = {
			isa = PBXProject;
			attributes = {
				LastUpgradeCheck = 1010;
				ORGANIZATIONNAME = "Matthew Dulworth";
				TargetAttributes = {
					34F53A2E224BCD6400437F64 = {
						CreatedOnToolsVersion = 10.1;
					};
				};
			};
			buildConfigurationList = 34F53A2A224BCD6400437F64 /* Build configuration list for PBXProject "text-game-redux" */;
			compatibilityVersion = "Xcode 9.3";
			developmentRegion = en;
			hasScannedForEncodings = 0;
			knownRegions = (
				en,
			);
			mainGroup = 34F53A26224BCD6400437F64;
			productRefGroup = 34F53A30224BCD6400437F64 /* Products */;
			projectDirPath = "";
			projectRoot = "";
			targets = (
				34F53A2E224BCD6400437F64 /* text-game-redux */,
			);
		};
/* End PBXProject section */

/* Begin PBXSourcesBuildPhase section */
		34F53A2B224BCD6400437F64 /* Sources */ = {
			isa = PBXSourcesBuildPhase;
			buildActionMask = 2147483647;
			files = (
				34A2F894224C49CC00ABB248 /* TypeChecks.cpp in Sources */,
				34A2F89F224D112700ABB248 /* Player.cpp in Sources */,
				34A2F8A6224EB6AB00ABB248 /* initCommands.cpp in Sources */,
				34A2F88B224BE90400ABB248 /* PhysicalObjectClasses.cpp in Sources */,
				34A2F8A4224EB69D00ABB248 /* commandLoop.cpp in Sources */,
				34A2F8A2224EAEA500ABB248 /* parse.cpp in Sources */,
				34A2F89C224D110A00ABB248 /* SetupFunctions.cpp in Sources */,
				34F53A3B224BCD8500437F64 /* BaseClass.cpp in Sources */,
				34F53A33224BCD6500437F64 /* main.cpp in Sources */,
				34A2F888224BE8F600ABB248 /* MapClasses.cpp in Sources */,
				34A2F88E224BE91F00ABB248 /* SetupClasses.cpp in Sources */,
			);
			runOnlyForDeploymentPostprocessing = 0;
		};
/* End PBXSourcesBuildPhase section */

/* Begin XCBuildConfiguration section */
		34F53A34224BCD6500437F64 /* Debug */ = {
			isa = XCBuildConfiguration;
			buildSettings = {
				ALWAYS_SEARCH_USER_PATHS = NO;
				CLANG_ANALYZER_NONNULL = YES;
				CLANG_ANALYZER_NUMBER_OBJECT_CONVERSION = YES_AGGRESSIVE;
				CLANG_CXX_LANGUAGE_STANDARD = "gnu++14";
				CLANG_CXX_LIBRARY = "libc++";
				CLANG_ENABLE_MODULES = YES;
				CLANG_ENABLE_OBJC_ARC = YES;
				CLANG_ENABLE_OBJC_WEAK = YES;
				CLANG_WARN_BLOCK_CAPTURE_AUTORELEASING = YES;
				CLANG_WARN_BOOL_CONVERSION = YES;
				CLANG_WARN_COMMA = YES;
				CLANG_WARN_CONSTANT_CONVERSION = YES;
				CLANG_WARN_DEPRECATED_OBJC_IMPLEMENTATIONS = YES;
				CLANG_WARN_DIRECT_OBJC_ISA_USAGE = YES_ERROR;
				CLANG_WARN_DOCUMENTATION_COMMENTS = YES;
				CLANG_WARN_EMPTY_BODY = YES;
				CLANG_WARN_ENUM_CONVERSION = YES;
				CLANG_WARN_INFINITE_RECURSION = YES;
				CLANG_WARN_INT_CONVERSION = YES;
				CLANG_WARN_NON_LITERAL_NULL_CONVERSION = YES;
				CLANG_WARN_OBJC_IMPLICIT_RETAIN_SELF = YES;
				CLANG_WARN_OBJC_LITERAL_CONVERSION = YES;
				CLANG_WARN_OBJC_ROOT_CLASS = YES_ERROR;
				CLANG_WARN_RANGE_LOOP_ANALYSIS = YES;
				CLANG_WARN_STRICT_PROTOTYPES = YES;
				CLANG_WARN_SUSPICIOUS_MOVE = YES;
				CLANG_WARN_UNGUARDED_AVAILABILITY = YES_AGGRESSIVE;
				CLANG_WARN_UNREACHABLE_CODE = YES;
				CLANG_WARN__DUPLICATE_METHOD_MATCH = YES;
				CODE_SIGN_IDENTITY = "Mac Developer";
				COPY_PHASE_STRIP = NO;
				DEBUG_INFORMATION_FORMAT = dwarf;
				ENABLE_STRICT_OBJC_MSGSEND = YES;
				ENABLE_TESTABILITY = YES;
				GCC_C_LANGUAGE_STANDARD = gnu11;
				GCC_DYNAMIC_NO_PIC = NO;
				GCC_NO_COMMON_BLOCKS = YES;
				GCC_OPTIMIZATION_LEVEL = 0;
				GCC_PREPROCESSOR_DEFINITIONS = (
					"DEBUG=1",
					"$(inherited)",
				);
				GCC_WARN_64_TO_32_BIT_CONVERSION = YES;
				GCC_WARN_ABOUT_RETURN_TYPE = YES_ERROR;
				GCC_WARN_UNDECLARED_SELECTOR = YES;
				GCC_WARN_UNINITIALIZED_AUTOS = YES_AGGRESSIVE;
				GCC_WARN_UNUSED_FUNCTION = YES;
				GCC_WARN_UNUSED_VARIABLE = YES;
				MACOSX_DEPLOYMENT_TARGET = 10.14;
				MTL_ENABLE_DEBUG_INFO = INCLUDE_SOURCE;
				MTL_FAST_MATH = YES;
				ONLY_ACTIVE_ARCH = YES;
				SDKROOT = macosx;
			};
			name = Debug;
		};
		34F53A35224BCD6500437F64 /* Release */ = {
			isa = XCBuildConfiguration;
			buildSettings = {
				ALWAYS_SEARCH_USER_PATHS = NO;
				CLANG_ANALYZER_NONNULL = YES;
				CLANG_ANALYZER_NUMBER_OBJECT_CONVERSION = YES_AGGRESSIVE;
				CLANG_CXX_LANGUAGE_STANDARD = "gnu++14";
				CLANG_CXX_LIBRARY = "libc++";
				CLANG_ENABLE_MODULES = YES;
				CLANG_ENABLE_OBJC_ARC = YES;
				CLANG_ENABLE_OBJC_WEAK = YES;
				CLANG_WARN_BLOCK_CAPTURE_AUTORELEASING = YES;
				CLANG_WARN_BOOL_CONVERSION = YES;
				CLANG_WARN_COMMA = YES;
				CLANG_WARN_CONSTANT_CONVERSION = YES;
				CLANG_WARN_DEPRECATED_OBJC_IMPLEMENTATIONS = YES;
				CLANG_WARN_DIRECT_OBJC_ISA_USAGE = YES_ERROR;
				CLANG_WARN_DOCUMENTATION_COMMENTS = YES;
				CLANG_WARN_EMPTY_BODY = YES;
				CLANG_WARN_ENUM_CONVERSION = YES;
				CLANG_WARN_INFINITE_RECURSION = YES;
				CLANG_WARN_INT_CONVERSION = YES;
				CLANG_WARN_NON_LITERAL_NULL_CONVERSION = YES;
				CLANG_WARN_OBJC_IMPLICIT_RETAIN_SELF = YES;
				CLANG_WARN_OBJC_LITERAL_CONVERSION = YES;
				CLANG_WARN_OBJC_ROOT_CLASS = YES_ERROR;
				CLANG_WARN_RANGE_LOOP_ANALYSIS = YES;
				CLANG_WARN_STRICT_PROTOTYPES = YES;
				CLANG_WARN_SUSPICIOUS_MOVE = YES;
				CLANG_WARN_UNGUARDED_AVAILABILITY = YES_AGGRESSIVE;
				CLANG_WARN_UNREACHABLE_CODE = YES;
				CLANG_WARN__DUPLICATE_METHOD_MATCH = YES;
				CODE_SIGN_IDENTITY = "Mac Developer";
				COPY_PHASE_STRIP = NO;
				DEBUG_INFORMATION_FORMAT = "dwarf-with-dsym";
				ENABLE_NS_ASSERTIONS = NO;
				ENABLE_STRICT_OBJC_MSGSEND = YES;
				GCC_C_LANGUAGE_STANDARD = gnu11;
				GCC_NO_COMMON_BLOCKS = YES;
				GCC_WARN_64_TO_32_BIT_CONVERSION = YES;
				GCC_WARN_ABOUT_RETURN_TYPE = YES_ERROR;
				GCC_WARN_UNDECLARED_SELECTOR = YES;
				GCC_WARN_UNINITIALIZED_AUTOS = YES_AGGRESSIVE;
				GCC_WARN_UNUSED_FUNCTION = YES;
				GCC_WARN_UNUSED_VARIABLE = YES;
				MACOSX_DEPLOYMENT_TARGET = 10.14;
				MTL_ENABLE_DEBUG_INFO = NO;
				MTL_FAST_MATH = YES;
				SDKROOT = macosx;
			};
			name = Release;
		};
		34F53A37224BCD6500437F64 /* Debug */ = {
			isa = XCBuildConfiguration;
			buildSettings = {
				CODE_SIGN_STYLE = Automatic;
				DEVELOPMENT_TEAM = PPT4MWTUVW;
				PRODUCT_NAME = "$(TARGET_NAME)";
			};
			name = Debug;
		};
		34F53A38224BCD6500437F64 /* Release */ = {
			isa = XCBuildConfiguration;
			buildSettings = {
				CODE_SIGN_STYLE = Automatic;
				DEVELOPMENT_TEAM = PPT4MWTUVW;
				PRODUCT_NAME = "$(TARGET_NAME)";
			};
			name = Release;
		};
/* End XCBuildConfiguration section */

/* Begin XCConfigurationList section */
		34F53A2A224BCD6400437F64 /* Build configuration list for PBXProject "text-game-redux" */ = {
			isa = XCConfigurationList;
			buildConfigurations = (
				34F53A34224BCD6500437F64 /* Debug */,
				34F53A35224BCD6500437F64 /* Release */,
			);
			defaultConfigurationIsVisible = 0;
			defaultConfigurationName = Release;
		};
		34F53A36224BCD6500437F64 /* Build configuration list for PBXNativeTarget "text-game-redux" */ = {
			isa = XCConfigurationList;
			buildConfigurations = (
				34F53A37224BCD6500437F64 /* Debug */,
				34F53A38224BCD6500437F64 /* Release */,
			);
			defaultConfigurationIsVisible = 0;
			defaultConfigurationName = Release;
		};
/* End XCConfigurationList section */
	};
	rootObject = 34F53A27224BCD6400437F64 /* Project object */;
}
