// !$*UTF8*$!
{
	archiveVersion = 1;
	classes = {
	};
	objectVersion = 50;
	objects = {

/* Begin PBXBuildFile section */
		345A07A62290C91200E560CF /* enactEvents.cpp in Sources */ = {isa = PBXBuildFile; fileRef = 345A07A52290C91200E560CF /* enactEvents.cpp */; };
		345A07AA22918E4300E560CF /* text_functions.cpp in Sources */ = {isa = PBXBuildFile; fileRef = 345A07A822918E4300E560CF /* text_functions.cpp */; };
		345A07B0229356A300E560CF /* devCommands.cpp in Sources */ = {isa = PBXBuildFile; fileRef = 345A07AF229356A300E560CF /* devCommands.cpp */; };
		346D9B2E224EF6AA00950AD7 /* enactCommands.cpp in Sources */ = {isa = PBXBuildFile; fileRef = 346D9B2D224EF6AA00950AD7 /* enactCommands.cpp */; };
		346D9B30224F13D900950AD7 /* mapSetup.cpp in Sources */ = {isa = PBXBuildFile; fileRef = 346D9B2F224F13D900950AD7 /* mapSetup.cpp */; };
		346D9B32224F140600950AD7 /* physicalObjectSetup.cpp in Sources */ = {isa = PBXBuildFile; fileRef = 346D9B31224F140600950AD7 /* physicalObjectSetup.cpp */; };
		346D9B38224F15C500950AD7 /* AdminClasses.cpp in Sources */ = {isa = PBXBuildFile; fileRef = 346D9B36224F15C500950AD7 /* AdminClasses.cpp */; };
		346D9B3B224F161E00950AD7 /* Passage.cpp in Sources */ = {isa = PBXBuildFile; fileRef = 346D9B39224F161E00950AD7 /* Passage.cpp */; };
		346D9B40224F290400950AD7 /* actionSetup.cpp in Sources */ = {isa = PBXBuildFile; fileRef = 346D9B3F224F290400950AD7 /* actionSetup.cpp */; };
		346D9B42224F291900950AD7 /* AdminClassesSetup.cpp in Sources */ = {isa = PBXBuildFile; fileRef = 346D9B41224F291900950AD7 /* AdminClassesSetup.cpp */; };
		346D9B44224F295C00950AD7 /* Game.cpp in Sources */ = {isa = PBXBuildFile; fileRef = 346D9B43224F295C00950AD7 /* Game.cpp */; };
		346E1ECC23258B71001D60F2 /* INSPECT.cpp in Sources */ = {isa = PBXBuildFile; fileRef = 346E1ECB23258B71001D60F2 /* INSPECT.cpp */; };
		346E1ECE23258B7F001D60F2 /* INVENTORY.cpp in Sources */ = {isa = PBXBuildFile; fileRef = 346E1ECD23258B7F001D60F2 /* INVENTORY.cpp */; };
		3479B0E72295BB31003E9AFD /* Player.cpp in Sources */ = {isa = PBXBuildFile; fileRef = 3479B0E52295BB31003E9AFD /* Player.cpp */; };
		34A2F888224BE8F600ABB248 /* Location.cpp in Sources */ = {isa = PBXBuildFile; fileRef = 34A2F886224BE8F600ABB248 /* Location.cpp */; };
		34A2F88B224BE90400ABB248 /* PhysicalObject.cpp in Sources */ = {isa = PBXBuildFile; fileRef = 34A2F889224BE90400ABB248 /* PhysicalObject.cpp */; };
		34A2F894224C49CC00ABB248 /* GeneralFunctions.cpp in Sources */ = {isa = PBXBuildFile; fileRef = 34A2F892224C49CC00ABB248 /* GeneralFunctions.cpp */; };
		34A2F8A4224EB69D00ABB248 /* commandLoop.cpp in Sources */ = {isa = PBXBuildFile; fileRef = 34A2F8A3224EB69D00ABB248 /* commandLoop.cpp */; };
		34A2F8A6224EB6AB00ABB248 /* parseTokensToCommands.cpp in Sources */ = {isa = PBXBuildFile; fileRef = 34A2F8A5224EB6AB00ABB248 /* parseTokensToCommands.cpp */; };
		34B0C2D722906B5A00FD2C77 /* GO.cpp in Sources */ = {isa = PBXBuildFile; fileRef = 34B0C2D522906B5A00FD2C77 /* GO.cpp */; };
		34B0C2D922906B8400FD2C77 /* LOOK.cpp in Sources */ = {isa = PBXBuildFile; fileRef = 34B0C2D822906B8400FD2C77 /* LOOK.cpp */; };
		34B0C2DB22906B9B00FD2C77 /* GET.cpp in Sources */ = {isa = PBXBuildFile; fileRef = 34B0C2DA22906B9B00FD2C77 /* GET.cpp */; };
		34B0C2DD22906F0000FD2C77 /* PRESS.cpp in Sources */ = {isa = PBXBuildFile; fileRef = 34B0C2DC22906F0000FD2C77 /* PRESS.cpp */; };
		34F53A33224BCD6500437F64 /* main.cpp in Sources */ = {isa = PBXBuildFile; fileRef = 34F53A32224BCD6500437F64 /* main.cpp */; };
		34F53A3B224BCD8500437F64 /* Base.cpp in Sources */ = {isa = PBXBuildFile; fileRef = 34F53A39224BCD8500437F64 /* Base.cpp */; };
		34F5465022907A6E00E1B77B /* DROP.cpp in Sources */ = {isa = PBXBuildFile; fileRef = 34F5464F22907A6E00E1B77B /* DROP.cpp */; };
		34F54652229085DD00E1B77B /* USE.cpp in Sources */ = {isa = PBXBuildFile; fileRef = 34F54651229085DD00E1B77B /* USE.cpp */; };
/* End PBXBuildFile section */

/* Begin PBXCopyFilesBuildPhase section */
		34F53A2D224BCD6400437F64 /* CopyFiles */ = {
			isa = PBXCopyFilesBuildPhase;
			buildActionMask = 2147483647;
			dstPath = /usr/share/man/man1/;
			dstSubfolderSpec = 0;
			files = (
			);
			runOnlyForDeploymentPostprocessing = 1;
		};
/* End PBXCopyFilesBuildPhase section */

/* Begin PBXFileReference section */
		3426AFEA228E166A00EC5A31 /* OffsetArray.h */ = {isa = PBXFileReference; lastKnownFileType = sourcecode.c.h; path = OffsetArray.h; sourceTree = "<group>"; };
		345A07A52290C91200E560CF /* enactEvents.cpp */ = {isa = PBXFileReference; lastKnownFileType = sourcecode.cpp.cpp; path = enactEvents.cpp; sourceTree = "<group>"; };
		345A07A822918E4300E560CF /* text_functions.cpp */ = {isa = PBXFileReference; lastKnownFileType = sourcecode.cpp.cpp; path = text_functions.cpp; sourceTree = "<group>"; };
		345A07A922918E4300E560CF /* text_functions.hpp */ = {isa = PBXFileReference; lastKnownFileType = sourcecode.cpp.h; path = text_functions.hpp; sourceTree = "<group>"; };
		345A07AF229356A300E560CF /* devCommands.cpp */ = {isa = PBXFileReference; lastKnownFileType = sourcecode.cpp.cpp; path = devCommands.cpp; sourceTree = "<group>"; };
		346D9B2D224EF6AA00950AD7 /* enactCommands.cpp */ = {isa = PBXFileReference; lastKnownFileType = sourcecode.cpp.cpp; name = enactCommands.cpp; path = "text-game-redux/Game/Command Loop/enactCommands.cpp"; sourceTree = SOURCE_ROOT; };
		346D9B2F224F13D900950AD7 /* mapSetup.cpp */ = {isa = PBXFileReference; lastKnownFileType = sourcecode.cpp.cpp; path = mapSetup.cpp; sourceTree = "<group>"; };
		346D9B31224F140600950AD7 /* physicalObjectSetup.cpp */ = {isa = PBXFileReference; lastKnownFileType = sourcecode.cpp.cpp; path = physicalObjectSetup.cpp; sourceTree = "<group>"; };
		346D9B36224F15C500950AD7 /* AdminClasses.cpp */ = {isa = PBXFileReference; lastKnownFileType = sourcecode.cpp.cpp; path = AdminClasses.cpp; sourceTree = "<group>"; };
		346D9B37224F15C500950AD7 /* AdminClasses.hpp */ = {isa = PBXFileReference; lastKnownFileType = sourcecode.cpp.h; path = AdminClasses.hpp; sourceTree = "<group>"; };
		346D9B39224F161E00950AD7 /* Passage.cpp */ = {isa = PBXFileReference; lastKnownFileType = sourcecode.cpp.cpp; path = Passage.cpp; sourceTree = "<group>"; };
		346D9B3A224F161E00950AD7 /* Passage.hpp */ = {isa = PBXFileReference; lastKnownFileType = sourcecode.cpp.h; path = Passage.hpp; sourceTree = "<group>"; };
		346D9B3F224F290400950AD7 /* actionSetup.cpp */ = {isa = PBXFileReference; lastKnownFileType = sourcecode.cpp.cpp; path = actionSetup.cpp; sourceTree = "<group>"; };
		346D9B41224F291900950AD7 /* AdminClassesSetup.cpp */ = {isa = PBXFileReference; lastKnownFileType = sourcecode.cpp.cpp; path = AdminClassesSetup.cpp; sourceTree = "<group>"; };
		346D9B43224F295C00950AD7 /* Game.cpp */ = {isa = PBXFileReference; lastKnownFileType = sourcecode.cpp.cpp; path = Game.cpp; sourceTree = "<group>"; };
		346E1ECB23258B71001D60F2 /* INSPECT.cpp */ = {isa = PBXFileReference; lastKnownFileType = sourcecode.cpp.cpp; path = INSPECT.cpp; sourceTree = "<group>"; };
		346E1ECD23258B7F001D60F2 /* INVENTORY.cpp */ = {isa = PBXFileReference; lastKnownFileType = sourcecode.cpp.cpp; path = INVENTORY.cpp; sourceTree = "<group>"; };
		3479B0E52295BB31003E9AFD /* Player.cpp */ = {isa = PBXFileReference; lastKnownFileType = sourcecode.cpp.cpp; path = Player.cpp; sourceTree = "<group>"; };
		3479B0E62295BB31003E9AFD /* Player.hpp */ = {isa = PBXFileReference; lastKnownFileType = sourcecode.cpp.h; path = Player.hpp; sourceTree = "<group>"; };
		34A2F886224BE8F600ABB248 /* Location.cpp */ = {isa = PBXFileReference; lastKnownFileType = sourcecode.cpp.cpp; path = Location.cpp; sourceTree = "<group>"; };
		34A2F887224BE8F600ABB248 /* Location.hpp */ = {isa = PBXFileReference; lastKnownFileType = sourcecode.cpp.h; path = Location.hpp; sourceTree = "<group>"; };
		34A2F889224BE90400ABB248 /* PhysicalObject.cpp */ = {isa = PBXFileReference; lastKnownFileType = sourcecode.cpp.cpp; path = PhysicalObject.cpp; sourceTree = "<group>"; };
		34A2F88A224BE90400ABB248 /* PhysicalObject.hpp */ = {isa = PBXFileReference; lastKnownFileType = sourcecode.cpp.h; path = PhysicalObject.hpp; sourceTree = "<group>"; };
		34A2F891224BEBBB00ABB248 /* Constants.h */ = {isa = PBXFileReference; lastKnownFileType = sourcecode.c.h; path = Constants.h; sourceTree = "<group>"; };
		34A2F892224C49CC00ABB248 /* GeneralFunctions.cpp */ = {isa = PBXFileReference; lastKnownFileType = sourcecode.cpp.cpp; path = GeneralFunctions.cpp; sourceTree = "<group>"; };
		34A2F893224C49CC00ABB248 /* GeneralFunctions.hpp */ = {isa = PBXFileReference; lastKnownFileType = sourcecode.cpp.h; path = GeneralFunctions.hpp; sourceTree = "<group>"; };
		34A2F89B224D110A00ABB248 /* Game.hpp */ = {isa = PBXFileReference; lastKnownFileType = sourcecode.cpp.h; path = Game.hpp; sourceTree = "<group>"; };
		34A2F8A3224EB69D00ABB248 /* commandLoop.cpp */ = {isa = PBXFileReference; lastKnownFileType = sourcecode.cpp.cpp; path = commandLoop.cpp; sourceTree = "<group>"; };
		34A2F8A5224EB6AB00ABB248 /* parseTokensToCommands.cpp */ = {isa = PBXFileReference; lastKnownFileType = sourcecode.cpp.cpp; path = parseTokensToCommands.cpp; sourceTree = "<group>"; };
		34B0C2D522906B5A00FD2C77 /* GO.cpp */ = {isa = PBXFileReference; lastKnownFileType = sourcecode.cpp.cpp; path = GO.cpp; sourceTree = "<group>"; };
		34B0C2D822906B8400FD2C77 /* LOOK.cpp */ = {isa = PBXFileReference; lastKnownFileType = sourcecode.cpp.cpp; path = LOOK.cpp; sourceTree = "<group>"; };
		34B0C2DA22906B9B00FD2C77 /* GET.cpp */ = {isa = PBXFileReference; lastKnownFileType = sourcecode.cpp.cpp; path = GET.cpp; sourceTree = "<group>"; };
		34B0C2DC22906F0000FD2C77 /* PRESS.cpp */ = {isa = PBXFileReference; lastKnownFileType = sourcecode.cpp.cpp; path = PRESS.cpp; sourceTree = "<group>"; };
		34F53A2F224BCD6400437F64 /* text-game-redux */ = {isa = PBXFileReference; explicitFileType = "compiled.mach-o.executable"; includeInIndex = 0; path = "text-game-redux"; sourceTree = BUILT_PRODUCTS_DIR; };
		34F53A32224BCD6500437F64 /* main.cpp */ = {isa = PBXFileReference; lastKnownFileType = sourcecode.cpp.cpp; path = main.cpp; sourceTree = "<group>"; };
		34F53A39224BCD8500437F64 /* Base.cpp */ = {isa = PBXFileReference; lastKnownFileType = sourcecode.cpp.cpp; path = Base.cpp; sourceTree = "<group>"; };
		34F53A3A224BCD8500437F64 /* Base.hpp */ = {isa = PBXFileReference; lastKnownFileType = sourcecode.cpp.h; path = Base.hpp; sourceTree = "<group>"; };
		34F5464F22907A6E00E1B77B /* DROP.cpp */ = {isa = PBXFileReference; lastKnownFileType = sourcecode.cpp.cpp; path = DROP.cpp; sourceTree = "<group>"; };
		34F54651229085DD00E1B77B /* USE.cpp */ = {isa = PBXFileReference; lastKnownFileType = sourcecode.cpp.cpp; path = USE.cpp; sourceTree = "<group>"; };
/* End PBXFileReference section */

/* Begin PBXFrameworksBuildPhase section */
		34F53A2C224BCD6400437F64 /* Frameworks */ = {
			isa = PBXFrameworksBuildPhase;
			buildActionMask = 2147483647;
			files = (
			);
			runOnlyForDeploymentPostprocessing = 0;
		};
/* End PBXFrameworksBuildPhase section */

/* Begin PBXGroup section */
		345A07A722918E0F00E560CF /* Display */ = {
			isa = PBXGroup;
			children = (
				345A07A822918E4300E560CF /* text_functions.cpp */,
				345A07A922918E4300E560CF /* text_functions.hpp */,
			);
			path = Display;
			sourceTree = "<group>";
		};
		346D9B3D224F28A700950AD7 /* Setup */ = {
			isa = PBXGroup;
			children = (
				346D9B3F224F290400950AD7 /* actionSetup.cpp */,
				346D9B41224F291900950AD7 /* AdminClassesSetup.cpp */,
				346D9B2F224F13D900950AD7 /* mapSetup.cpp */,
				346D9B31224F140600950AD7 /* physicalObjectSetup.cpp */,
			);
			path = Setup;
			sourceTree = "<group>";
		};
		346D9B45224F297100950AD7 /* Command Loop */ = {
			isa = PBXGroup;
			children = (
				345A07AF229356A300E560CF /* devCommands.cpp */,
				34A2F8A5224EB6AB00ABB248 /* parseTokensToCommands.cpp */,
				346D9B2D224EF6AA00950AD7 /* enactCommands.cpp */,
				345A07A52290C91200E560CF /* enactEvents.cpp */,
				34A2F8A3224EB69D00ABB248 /* commandLoop.cpp */,
			);
			name = "Command Loop";
			path = "text-game-redux/Game/Command Loop";
			sourceTree = SOURCE_ROOT;
		};
		34A2F88F224BE94200ABB248 /* Game-Object Classes */ = {
			isa = PBXGroup;
			children = (
				34F53A3A224BCD8500437F64 /* Base.hpp */,
				34F53A39224BCD8500437F64 /* Base.cpp */,
				34A2F887224BE8F600ABB248 /* Location.hpp */,
				34A2F886224BE8F600ABB248 /* Location.cpp */,
				346D9B3A224F161E00950AD7 /* Passage.hpp */,
				346D9B39224F161E00950AD7 /* Passage.cpp */,
				34A2F88A224BE90400ABB248 /* PhysicalObject.hpp */,
				34A2F889224BE90400ABB248 /* PhysicalObject.cpp */,
				346D9B37224F15C500950AD7 /* AdminClasses.hpp */,
				346D9B36224F15C500950AD7 /* AdminClasses.cpp */,
			);
			path = "Game-Object Classes";
			sourceTree = "<group>";
		};
		34A2F890224BEB8E00ABB248 /* Main */ = {
			isa = PBXGroup;
			children = (
				34F53A32224BCD6500437F64 /* main.cpp */,
				34A2F891224BEBBB00ABB248 /* Constants.h */,
			);
			path = Main;
			sourceTree = "<group>";
		};
		34A2F899224D0FE300ABB248 /* Type Checks  */ = {
			isa = PBXGroup;
			children = (
				34A2F892224C49CC00ABB248 /* GeneralFunctions.cpp */,
				34A2F893224C49CC00ABB248 /* GeneralFunctions.hpp */,
			);
			path = "Type Checks ";
			sourceTree = "<group>";
		};
		34A2F8A0224EAE3700ABB248 /* Game */ = {
			isa = PBXGroup;
			children = (
				34A2F89B224D110A00ABB248 /* Game.hpp */,
				346D9B43224F295C00950AD7 /* Game.cpp */,
				34B0C2D422906B3700FD2C77 /* Commands */,
				346D9B45224F297100950AD7 /* Command Loop */,
				346D9B3D224F28A700950AD7 /* Setup */,
			);
			path = Game;
			sourceTree = "<group>";
		};
		34B0C2D422906B3700FD2C77 /* Commands */ = {
			isa = PBXGroup;
			children = (
				34B0C2D522906B5A00FD2C77 /* GO.cpp */,
				34B0C2D822906B8400FD2C77 /* LOOK.cpp */,
				34B0C2DC22906F0000FD2C77 /* PRESS.cpp */,
				34B0C2DA22906B9B00FD2C77 /* GET.cpp */,
				346E1ECB23258B71001D60F2 /* INSPECT.cpp */,
				346E1ECD23258B7F001D60F2 /* INVENTORY.cpp */,
				34F5464F22907A6E00E1B77B /* DROP.cpp */,
				34F54651229085DD00E1B77B /* USE.cpp */,
			);
			path = Commands;
			sourceTree = "<group>";
		};
		34F53A26224BCD6400437F64 = {
			isa = PBXGroup;
			children = (
				34F53A31224BCD6500437F64 /* text-game-redux */,
				34F53A30224BCD6400437F64 /* Products */,
			);
			sourceTree = "<group>";
		};
		34F53A30224BCD6400437F64 /* Products */ = {
			isa = PBXGroup;
			children = (
				34F53A2F224BCD6400437F64 /* text-game-redux */,
			);
			name = Products;
			sourceTree = "<group>";
		};
		34F53A31224BCD6500437F64 /* text-game-redux */ = {
			isa = PBXGroup;
			children = (
				34A2F890224BEB8E00ABB248 /* Main */,
				34A2F8A0224EAE3700ABB248 /* Game */,
				34F6F7B22296F6E600ACCC27 /* Player */,
				34A2F88F224BE94200ABB248 /* Game-Object Classes */,
				34F6F7B72296FB5E00ACCC27 /* General */,
			);
			path = "text-game-redux";
			sourceTree = "<group>";
		};
		34F6F7B22296F6E600ACCC27 /* Player */ = {
			isa = PBXGroup;
			children = (
				3479B0E62295BB31003E9AFD /* Player.hpp */,
				3479B0E52295BB31003E9AFD /* Player.cpp */,
			);
			path = Player;
			sourceTree = "<group>";
		};
		34F6F7B72296FB5E00ACCC27 /* General */ = {
			isa = PBXGroup;
			children = (
				3426AFEA228E166A00EC5A31 /* OffsetArray.h */,
				345A07A722918E0F00E560CF /* Display */,
				34A2F899224D0FE300ABB248 /* Type Checks  */,
			);
			path = General;
			sourceTree = "<group>";
		};
/* End PBXGroup section */

/* Begin PBXNativeTarget section */
		34F53A2E224BCD6400437F64 /* text-game-redux */ = {
			isa = PBXNativeTarget;
			buildConfigurationList = 34F53A36224BCD6500437F64 /* Build configuration list for PBXNativeTarget "text-game-redux" */;
			buildPhases = (
				34F53A2B224BCD6400437F64 /* Sources */,
				34F53A2C224BCD6400437F64 /* Frameworks */,
				34F53A2D224BCD6400437F64 /* CopyFiles */,
			);
			buildRules = (
			);
			dependencies = (
			);
			name = "text-game-redux";
			productName = "text-game-redux";
			productReference = 34F53A2F224BCD6400437F64 /* text-game-redux */;
			productType = "com.apple.product-type.tool";
		};
/* End PBXNativeTarget section */

/* Begin PBXProject section */
		34F53A27224BCD6400437F64 /* Project object */ = {
			isa = PBXProject;
			attributes = {
				LastUpgradeCheck = 1010;
				ORGANIZATIONNAME = "Matthew Dulworth";
				TargetAttributes = {
					34F53A2E224BCD6400437F64 = {
						CreatedOnToolsVersion = 10.1;
					};
				};
			};
			buildConfigurationList = 34F53A2A224BCD6400437F64 /* Build configuration list for PBXProject "text-game-redux" */;
			compatibilityVersion = "Xcode 9.3";
			developmentRegion = en;
			hasScannedForEncodings = 0;
			knownRegions = (
				en,
			);
			mainGroup = 34F53A26224BCD6400437F64;
			productRefGroup = 34F53A30224BCD6400437F64 /* Products */;
			projectDirPath = "";
			projectRoot = "";
			targets = (
				34F53A2E224BCD6400437F64 /* text-game-redux */,
			);
		};
/* End PBXProject section */

/* Begin PBXSourcesBuildPhase section */
		34F53A2B224BCD6400437F64 /* Sources */ = {
			isa = PBXSourcesBuildPhase;
			buildActionMask = 2147483647;
			files = (
				346E1ECE23258B7F001D60F2 /* INVENTORY.cpp in Sources */,
				345A07AA22918E4300E560CF /* text_functions.cpp in Sources */,
				34F5465022907A6E00E1B77B /* DROP.cpp in Sources */,
				3479B0E72295BB31003E9AFD /* Player.cpp in Sources */,
				34A2F894224C49CC00ABB248 /* GeneralFunctions.cpp in Sources */,
				34B0C2DB22906B9B00FD2C77 /* GET.cpp in Sources */,
				34A2F8A6224EB6AB00ABB248 /* parseTokensToCommands.cpp in Sources */,
				345A07A62290C91200E560CF /* enactEvents.cpp in Sources */,
				34B0C2D722906B5A00FD2C77 /* GO.cpp in Sources */,
				346D9B30224F13D900950AD7 /* mapSetup.cpp in Sources */,
				346D9B2E224EF6AA00950AD7 /* enactCommands.cpp in Sources */,
				34B0C2DD22906F0000FD2C77 /* PRESS.cpp in Sources */,
				34A2F88B224BE90400ABB248 /* PhysicalObject.cpp in Sources */,
				34A2F8A4224EB69D00ABB248 /* commandLoop.cpp in Sources */,
				34F54652229085DD00E1B77B /* USE.cpp in Sources */,
				346E1ECC23258B71001D60F2 /* INSPECT.cpp in Sources */,
				346D9B42224F291900950AD7 /* AdminClassesSetup.cpp in Sources */,
				346D9B44224F295C00950AD7 /* Game.cpp in Sources */,
				346D9B3B224F161E00950AD7 /* Passage.cpp in Sources */,
				34B0C2D922906B8400FD2C77 /* LOOK.cpp in Sources */,
				346D9B40224F290400950AD7 /* actionSetup.cpp in Sources */,
				345A07B0229356A300E560CF /* devCommands.cpp in Sources */,
				34F53A3B224BCD8500437F64 /* Base.cpp in Sources */,
				34F53A33224BCD6500437F64 /* main.cpp in Sources */,
				346D9B32224F140600950AD7 /* physicalObjectSetup.cpp in Sources */,
				34A2F888224BE8F600ABB248 /* Location.cpp in Sources */,
				346D9B38224F15C500950AD7 /* AdminClasses.cpp in Sources */,
			);
			runOnlyForDeploymentPostprocessing = 0;
		};
/* End PBXSourcesBuildPhase section */

/* Begin XCBuildConfiguration section */
		34F53A34224BCD6500437F64 /* Debug */ = {
			isa = XCBuildConfiguration;
			buildSettings = {
				ALWAYS_SEARCH_USER_PATHS = NO;
				CLANG_ANALYZER_NONNULL = YES;
				CLANG_ANALYZER_NUMBER_OBJECT_CONVERSION = YES_AGGRESSIVE;
				CLANG_CXX_LANGUAGE_STANDARD = "gnu++14";
				CLANG_CXX_LIBRARY = "libc++";
				CLANG_ENABLE_MODULES = YES;
				CLANG_ENABLE_OBJC_ARC = YES;
				CLANG_ENABLE_OBJC_WEAK = YES;
				CLANG_WARN_BLOCK_CAPTURE_AUTORELEASING = YES;
				CLANG_WARN_BOOL_CONVERSION = YES;
				CLANG_WARN_COMMA = YES;
				CLANG_WARN_CONSTANT_CONVERSION = YES;
				CLANG_WARN_DEPRECATED_OBJC_IMPLEMENTATIONS = YES;
				CLANG_WARN_DIRECT_OBJC_ISA_USAGE = YES_ERROR;
				CLANG_WARN_DOCUMENTATION_COMMENTS = YES;
				CLANG_WARN_EMPTY_BODY = YES;
				CLANG_WARN_ENUM_CONVERSION = YES;
				CLANG_WARN_INFINITE_RECURSION = YES;
				CLANG_WARN_INT_CONVERSION = YES;
				CLANG_WARN_NON_LITERAL_NULL_CONVERSION = YES;
				CLANG_WARN_OBJC_IMPLICIT_RETAIN_SELF = YES;
				CLANG_WARN_OBJC_LITERAL_CONVERSION = YES;
				CLANG_WARN_OBJC_ROOT_CLASS = YES_ERROR;
				CLANG_WARN_RANGE_LOOP_ANALYSIS = YES;
				CLANG_WARN_STRICT_PROTOTYPES = YES;
				CLANG_WARN_SUSPICIOUS_MOVE = YES;
				CLANG_WARN_UNGUARDED_AVAILABILITY = YES_AGGRESSIVE;
				CLANG_WARN_UNREACHABLE_CODE = YES;
				CLANG_WARN__DUPLICATE_METHOD_MATCH = YES;
				CODE_SIGN_IDENTITY = "Mac Developer";
				COPY_PHASE_STRIP = NO;
				DEBUG_INFORMATION_FORMAT = dwarf;
				ENABLE_STRICT_OBJC_MSGSEND = YES;
				ENABLE_TESTABILITY = YES;
				GCC_C_LANGUAGE_STANDARD = gnu11;
				GCC_DYNAMIC_NO_PIC = NO;
				GCC_NO_COMMON_BLOCKS = YES;
				GCC_OPTIMIZATION_LEVEL = 0;
				GCC_PREPROCESSOR_DEFINITIONS = (
					"DEBUG=1",
					"$(inherited)",
				);
				GCC_WARN_64_TO_32_BIT_CONVERSION = YES;
				GCC_WARN_ABOUT_RETURN_TYPE = YES_ERROR;
				GCC_WARN_UNDECLARED_SELECTOR = YES;
				GCC_WARN_UNINITIALIZED_AUTOS = YES_AGGRESSIVE;
				GCC_WARN_UNUSED_FUNCTION = YES;
				GCC_WARN_UNUSED_VARIABLE = YES;
				MACOSX_DEPLOYMENT_TARGET = 10.14;
				MTL_ENABLE_DEBUG_INFO = INCLUDE_SOURCE;
				MTL_FAST_MATH = YES;
				ONLY_ACTIVE_ARCH = YES;
				SDKROOT = macosx;
			};
			name = Debug;
		};
		34F53A35224BCD6500437F64 /* Release */ = {
			isa = XCBuildConfiguration;
			buildSettings = {
				ALWAYS_SEARCH_USER_PATHS = NO;
				CLANG_ANALYZER_NONNULL = YES;
				CLANG_ANALYZER_NUMBER_OBJECT_CONVERSION = YES_AGGRESSIVE;
				CLANG_CXX_LANGUAGE_STANDARD = "gnu++14";
				CLANG_CXX_LIBRARY = "libc++";
				CLANG_ENABLE_MODULES = YES;
				CLANG_ENABLE_OBJC_ARC = YES;
				CLANG_ENABLE_OBJC_WEAK = YES;
				CLANG_WARN_BLOCK_CAPTURE_AUTORELEASING = YES;
				CLANG_WARN_BOOL_CONVERSION = YES;
				CLANG_WARN_COMMA = YES;
				CLANG_WARN_CONSTANT_CONVERSION = YES;
				CLANG_WARN_DEPRECATED_OBJC_IMPLEMENTATIONS = YES;
				CLANG_WARN_DIRECT_OBJC_ISA_USAGE = YES_ERROR;
				CLANG_WARN_DOCUMENTATION_COMMENTS = YES;
				CLANG_WARN_EMPTY_BODY = YES;
				CLANG_WARN_ENUM_CONVERSION = YES;
				CLANG_WARN_INFINITE_RECURSION = YES;
				CLANG_WARN_INT_CONVERSION = YES;
				CLANG_WARN_NON_LITERAL_NULL_CONVERSION = YES;
				CLANG_WARN_OBJC_IMPLICIT_RETAIN_SELF = YES;
				CLANG_WARN_OBJC_LITERAL_CONVERSION = YES;
				CLANG_WARN_OBJC_ROOT_CLASS = YES_ERROR;
				CLANG_WARN_RANGE_LOOP_ANALYSIS = YES;
				CLANG_WARN_STRICT_PROTOTYPES = YES;
				CLANG_WARN_SUSPICIOUS_MOVE = YES;
				CLANG_WARN_UNGUARDED_AVAILABILITY = YES_AGGRESSIVE;
				CLANG_WARN_UNREACHABLE_CODE = YES;
				CLANG_WARN__DUPLICATE_METHOD_MATCH = YES;
				CODE_SIGN_IDENTITY = "Mac Developer";
				COPY_PHASE_STRIP = NO;
				DEBUG_INFORMATION_FORMAT = "dwarf-with-dsym";
				ENABLE_NS_ASSERTIONS = NO;
				ENABLE_STRICT_OBJC_MSGSEND = YES;
				GCC_C_LANGUAGE_STANDARD = gnu11;
				GCC_NO_COMMON_BLOCKS = YES;
				GCC_WARN_64_TO_32_BIT_CONVERSION = YES;
				GCC_WARN_ABOUT_RETURN_TYPE = YES_ERROR;
				GCC_WARN_UNDECLARED_SELECTOR = YES;
				GCC_WARN_UNINITIALIZED_AUTOS = YES_AGGRESSIVE;
				GCC_WARN_UNUSED_FUNCTION = YES;
				GCC_WARN_UNUSED_VARIABLE = YES;
				MACOSX_DEPLOYMENT_TARGET = 10.14;
				MTL_ENABLE_DEBUG_INFO = NO;
				MTL_FAST_MATH = YES;
				SDKROOT = macosx;
			};
			name = Release;
		};
		34F53A37224BCD6500437F64 /* Debug */ = {
			isa = XCBuildConfiguration;
			buildSettings = {
				CODE_SIGN_STYLE = Automatic;
				DEVELOPMENT_TEAM = PPT4MWTUVW;
				PRODUCT_NAME = "$(TARGET_NAME)";
			};
			name = Debug;
		};
		34F53A38224BCD6500437F64 /* Release */ = {
			isa = XCBuildConfiguration;
			buildSettings = {
				CODE_SIGN_STYLE = Automatic;
				DEVELOPMENT_TEAM = PPT4MWTUVW;
				PRODUCT_NAME = "$(TARGET_NAME)";
			};
			name = Release;
		};
/* End XCBuildConfiguration section */

/* Begin XCConfigurationList section */
		34F53A2A224BCD6400437F64 /* Build configuration list for PBXProject "text-game-redux" */ = {
			isa = XCConfigurationList;
			buildConfigurations = (
				34F53A34224BCD6500437F64 /* Debug */,
				34F53A35224BCD6500437F64 /* Release */,
			);
			defaultConfigurationIsVisible = 0;
			defaultConfigurationName = Release;
		};
		34F53A36224BCD6500437F64 /* Build configuration list for PBXNativeTarget "text-game-redux" */ = {
			isa = XCConfigurationList;
			buildConfigurations = (
				34F53A37224BCD6500437F64 /* Debug */,
				34F53A38224BCD6500437F64 /* Release */,
			);
			defaultConfigurationIsVisible = 0;
			defaultConfigurationName = Release;
		};
/* End XCConfigurationList section */
	};
	rootObject = 34F53A27224BCD6400437F64 /* Project object */;
}
